// !$*UTF8*$!
{
	archiveVersion = 1;
	classes = {
	};
	objectVersion = 50;
	objects = {

/* Begin PBXBuildFile section */
		E30CFF0925BD054600251BFA /* AppDelegate.swift in Sources */ = {isa = PBXBuildFile; fileRef = E30CFF0825BD054600251BFA /* AppDelegate.swift */; };
		E30CFF0B25BD054700251BFA /* SceneDelegate.swift in Sources */ = {isa = PBXBuildFile; fileRef = E30CFF0A25BD054700251BFA /* SceneDelegate.swift */; };
		E30CFF0D25BD054700251BFA /* ViewController.swift in Sources */ = {isa = PBXBuildFile; fileRef = E30CFF0C25BD054700251BFA /* ViewController.swift */; };
		E30CFF1025BD054700251BFA /* Main.storyboard in Resources */ = {isa = PBXBuildFile; fileRef = E30CFF0E25BD054700251BFA /* Main.storyboard */; };
		E30CFF1225BD054900251BFA /* Assets.xcassets in Resources */ = {isa = PBXBuildFile; fileRef = E30CFF1125BD054900251BFA /* Assets.xcassets */; };
		E30CFF1525BD054900251BFA /* LaunchScreen.storyboard in Resources */ = {isa = PBXBuildFile; fileRef = E30CFF1325BD054900251BFA /* LaunchScreen.storyboard */; };
		E30CFF2025BD054A00251BFA /* PreworkTests.swift in Sources */ = {isa = PBXBuildFile; fileRef = E30CFF1F25BD054A00251BFA /* PreworkTests.swift */; };
		E30CFF2B25BD054A00251BFA /* PreworkUITests.swift in Sources */ = {isa = PBXBuildFile; fileRef = E30CFF2A25BD054A00251BFA /* PreworkUITests.swift */; };
		E3B83B1625C1CA33007EB370 /* SettingsViewController.swift in Sources */ = {isa = PBXBuildFile; fileRef = E3B83B1525C1CA33007EB370 /* SettingsViewController.swift */; };
/* End PBXBuildFile section */

/* Begin PBXContainerItemProxy section */
		E30CFF1C25BD054A00251BFA /* PBXContainerItemProxy */ = {
			isa = PBXContainerItemProxy;
			containerPortal = E30CFEFD25BD054600251BFA /* Project object */;
			proxyType = 1;
			remoteGlobalIDString = E30CFF0425BD054600251BFA;
			remoteInfo = Prework;
		};
		E30CFF2725BD054A00251BFA /* PBXContainerItemProxy */ = {
			isa = PBXContainerItemProxy;
			containerPortal = E30CFEFD25BD054600251BFA /* Project object */;
			proxyType = 1;
			remoteGlobalIDString = E30CFF0425BD054600251BFA;
			remoteInfo = Prework;
		};
/* End PBXContainerItemProxy section */

/* Begin PBXFileReference section */
		E30CFF0525BD054600251BFA /* Prework.app */ = {isa = PBXFileReference; explicitFileType = wrapper.application; includeInIndex = 0; path = Prework.app; sourceTree = BUILT_PRODUCTS_DIR; };
		E30CFF0825BD054600251BFA /* AppDelegate.swift */ = {isa = PBXFileReference; lastKnownFileType = sourcecode.swift; path = AppDelegate.swift; sourceTree = "<group>"; };
		E30CFF0A25BD054700251BFA /* SceneDelegate.swift */ = {isa = PBXFileReference; lastKnownFileType = sourcecode.swift; path = SceneDelegate.swift; sourceTree = "<group>"; };
		E30CFF0C25BD054700251BFA /* ViewController.swift */ = {isa = PBXFileReference; lastKnownFileType = sourcecode.swift; path = ViewController.swift; sourceTree = "<group>"; };
		E30CFF0F25BD054700251BFA /* Base */ = {isa = PBXFileReference; lastKnownFileType = file.storyboard; name = Base; path = Base.lproj/Main.storyboard; sourceTree = "<group>"; };
		E30CFF1125BD054900251BFA /* Assets.xcassets */ = {isa = PBXFileReference; lastKnownFileType = folder.assetcatalog; path = Assets.xcassets; sourceTree = "<group>"; };
		E30CFF1425BD054900251BFA /* Base */ = {isa = PBXFileReference; lastKnownFileType = file.storyboard; name = Base; path = Base.lproj/LaunchScreen.storyboard; sourceTree = "<group>"; };
		E30CFF1625BD054900251BFA /* Info.plist */ = {isa = PBXFileReference; lastKnownFileType = text.plist.xml; path = Info.plist; sourceTree = "<group>"; };
		E30CFF1B25BD054A00251BFA /* PreworkTests.xctest */ = {isa = PBXFileReference; explicitFileType = wrapper.cfbundle; includeInIndex = 0; path = PreworkTests.xctest; sourceTree = BUILT_PRODUCTS_DIR; };
		E30CFF1F25BD054A00251BFA /* PreworkTests.swift */ = {isa = PBXFileReference; lastKnownFileType = sourcecode.swift; path = PreworkTests.swift; sourceTree = "<group>"; };
		E30CFF2125BD054A00251BFA /* Info.plist */ = {isa = PBXFileReference; lastKnownFileType = text.plist.xml; path = Info.plist; sourceTree = "<group>"; };
		E30CFF2625BD054A00251BFA /* PreworkUITests.xctest */ = {isa = PBXFileReference; explicitFileType = wrapper.cfbundle; includeInIndex = 0; path = PreworkUITests.xctest; sourceTree = BUILT_PRODUCTS_DIR; };
		E30CFF2A25BD054A00251BFA /* PreworkUITests.swift */ = {isa = PBXFileReference; lastKnownFileType = sourcecode.swift; path = PreworkUITests.swift; sourceTree = "<group>"; };
		E30CFF2C25BD054A00251BFA /* Info.plist */ = {isa = PBXFileReference; lastKnownFileType = text.plist.xml; path = Info.plist; sourceTree = "<group>"; };
		E3B83B1525C1CA33007EB370 /* SettingsViewController.swift */ = {isa = PBXFileReference; lastKnownFileType = sourcecode.swift; path = SettingsViewController.swift; sourceTree = "<group>"; };
/* End PBXFileReference section */

/* Begin PBXFrameworksBuildPhase section */
		E30CFF0225BD054600251BFA /* Frameworks */ = {
			isa = PBXFrameworksBuildPhase;
			buildActionMask = 2147483647;
			files = (
			);
			runOnlyForDeploymentPostprocessing = 0;
		};
		E30CFF1825BD054A00251BFA /* Frameworks */ = {
			isa = PBXFrameworksBuildPhase;
			buildActionMask = 2147483647;
			files = (
			);
			runOnlyForDeploymentPostprocessing = 0;
		};
		E30CFF2325BD054A00251BFA /* Frameworks */ = {
			isa = PBXFrameworksBuildPhase;
			buildActionMask = 2147483647;
			files = (
			);
			runOnlyForDeploymentPostprocessing = 0;
		};
/* End PBXFrameworksBuildPhase section */

/* Begin PBXGroup section */
		E30CFEFC25BD054600251BFA = {
			isa = PBXGroup;
			children = (
				E3B83B1525C1CA33007EB370 /* SettingsViewController.swift */,
				E30CFF0725BD054600251BFA /* Prework */,
				E30CFF1E25BD054A00251BFA /* PreworkTests */,
				E30CFF2925BD054A00251BFA /* PreworkUITests */,
				E30CFF0625BD054600251BFA /* Products */,
			);
			sourceTree = "<group>";
		};
		E30CFF0625BD054600251BFA /* Products */ = {
			isa = PBXGroup;
			children = (
				E30CFF0525BD054600251BFA /* Prework.app */,
				E30CFF1B25BD054A00251BFA /* PreworkTests.xctest */,
				E30CFF2625BD054A00251BFA /* PreworkUITests.xctest */,
			);
			name = Products;
			sourceTree = "<group>";
		};
		E30CFF0725BD054600251BFA /* Prework */ = {
			isa = PBXGroup;
			children = (
				E30CFF0825BD054600251BFA /* AppDelegate.swift */,
				E30CFF0A25BD054700251BFA /* SceneDelegate.swift */,
				E30CFF0C25BD054700251BFA /* ViewController.swift */,
				E30CFF0E25BD054700251BFA /* Main.storyboard */,
				E30CFF1125BD054900251BFA /* Assets.xcassets */,
				E30CFF1325BD054900251BFA /* LaunchScreen.storyboard */,
				E30CFF1625BD054900251BFA /* Info.plist */,
			);
			path = Prework;
			sourceTree = "<group>";
		};
		E30CFF1E25BD054A00251BFA /* PreworkTests */ = {
			isa = PBXGroup;
			children = (
				E30CFF1F25BD054A00251BFA /* PreworkTests.swift */,
				E30CFF2125BD054A00251BFA /* Info.plist */,
			);
			path = PreworkTests;
			sourceTree = "<group>";
		};
		E30CFF2925BD054A00251BFA /* PreworkUITests */ = {
			isa = PBXGroup;
			children = (
				E30CFF2A25BD054A00251BFA /* PreworkUITests.swift */,
				E30CFF2C25BD054A00251BFA /* Info.plist */,
			);
			path = PreworkUITests;
			sourceTree = "<group>";
		};
/* End PBXGroup section */

/* Begin PBXNativeTarget section */
		E30CFF0425BD054600251BFA /* Prework */ = {
			isa = PBXNativeTarget;
			buildConfigurationList = E30CFF2F25BD054A00251BFA /* Build configuration list for PBXNativeTarget "Prework" */;
			buildPhases = (
				E30CFF0125BD054600251BFA /* Sources */,
				E30CFF0225BD054600251BFA /* Frameworks */,
				E30CFF0325BD054600251BFA /* Resources */,
			);
			buildRules = (
			);
			dependencies = (
			);
			name = Prework;
			productName = Prework;
			productReference = E30CFF0525BD054600251BFA /* Prework.app */;
			productType = "com.apple.product-type.application";
		};
		E30CFF1A25BD054A00251BFA /* PreworkTests */ = {
			isa = PBXNativeTarget;
			buildConfigurationList = E30CFF3225BD054A00251BFA /* Build configuration list for PBXNativeTarget "PreworkTests" */;
			buildPhases = (
				E30CFF1725BD054A00251BFA /* Sources */,
				E30CFF1825BD054A00251BFA /* Frameworks */,
				E30CFF1925BD054A00251BFA /* Resources */,
			);
			buildRules = (
			);
			dependencies = (
				E30CFF1D25BD054A00251BFA /* PBXTargetDependency */,
			);
			name = PreworkTests;
			productName = PreworkTests;
			productReference = E30CFF1B25BD054A00251BFA /* PreworkTests.xctest */;
			productType = "com.apple.product-type.bundle.unit-test";
		};
		E30CFF2525BD054A00251BFA /* PreworkUITests */ = {
			isa = PBXNativeTarget;
			buildConfigurationList = E30CFF3525BD054A00251BFA /* Build configuration list for PBXNativeTarget "PreworkUITests" */;
			buildPhases = (
				E30CFF2225BD054A00251BFA /* Sources */,
				E30CFF2325BD054A00251BFA /* Frameworks */,
				E30CFF2425BD054A00251BFA /* Resources */,
			);
			buildRules = (
			);
			dependencies = (
				E30CFF2825BD054A00251BFA /* PBXTargetDependency */,
			);
			name = PreworkUITests;
			productName = PreworkUITests;
			productReference = E30CFF2625BD054A00251BFA /* PreworkUITests.xctest */;
			productType = "com.apple.product-type.bundle.ui-testing";
		};
/* End PBXNativeTarget section */

/* Begin PBXProject section */
		E30CFEFD25BD054600251BFA /* Project object */ = {
			isa = PBXProject;
			attributes = {
				LastSwiftUpdateCheck = 1230;
				LastUpgradeCheck = 1230;
				TargetAttributes = {
					E30CFF0425BD054600251BFA = {
						CreatedOnToolsVersion = 12.3;
					};
					E30CFF1A25BD054A00251BFA = {
						CreatedOnToolsVersion = 12.3;
						TestTargetID = E30CFF0425BD054600251BFA;
					};
					E30CFF2525BD054A00251BFA = {
						CreatedOnToolsVersion = 12.3;
						TestTargetID = E30CFF0425BD054600251BFA;
					};
				};
			};
			buildConfigurationList = E30CFF0025BD054600251BFA /* Build configuration list for PBXProject "Prework" */;
			compatibilityVersion = "Xcode 9.3";
			developmentRegion = en;
			hasScannedForEncodings = 0;
			knownRegions = (
				en,
				Base,
			);
			mainGroup = E30CFEFC25BD054600251BFA;
			productRefGroup = E30CFF0625BD054600251BFA /* Products */;
			projectDirPath = "";
			projectRoot = "";
			targets = (
				E30CFF0425BD054600251BFA /* Prework */,
				E30CFF1A25BD054A00251BFA /* PreworkTests */,
				E30CFF2525BD054A00251BFA /* PreworkUITests */,
			);
		};
/* End PBXProject section */

/* Begin PBXResourcesBuildPhase section */
		E30CFF0325BD054600251BFA /* Resources */ = {
			isa = PBXResourcesBuildPhase;
			buildActionMask = 2147483647;
			files = (
				E30CFF1525BD054900251BFA /* LaunchScreen.storyboard in Resources */,
				E30CFF1225BD054900251BFA /* Assets.xcassets in Resources */,
				E30CFF1025BD054700251BFA /* Main.storyboard in Resources */,
			);
			runOnlyForDeploymentPostprocessing = 0;
		};
		E30CFF1925BD054A00251BFA /* Resources */ = {
			isa = PBXResourcesBuildPhase;
			buildActionMask = 2147483647;
			files = (
			);
			runOnlyForDeploymentPostprocessing = 0;
		};
		E30CFF2425BD054A00251BFA /* Resources */ = {
			isa = PBXResourcesBuildPhase;
			buildActionMask = 2147483647;
			files = (
			);
			runOnlyForDeploymentPostprocessing = 0;
		};
/* End PBXResourcesBuildPhase section */

/* Begin PBXSourcesBuildPhase section */
		E30CFF0125BD054600251BFA /* Sources */ = {
			isa = PBXSourcesBuildPhase;
			buildActionMask = 2147483647;
			files = (
				E30CFF0D25BD054700251BFA /* ViewController.swift in Sources */,
				E30CFF0925BD054600251BFA /* AppDelegate.swift in Sources */,
				E30CFF0B25BD054700251BFA /* SceneDelegate.swift in Sources */,
				E3B83B1625C1CA33007EB370 /* SettingsViewController.swift in Sources */,
			);
			runOnlyForDeploymentPostprocessing = 0;
		};
		E30CFF1725BD054A00251BFA /* Sources */ = {
			isa = PBXSourcesBuildPhase;
			buildActionMask = 2147483647;
			files = (
				E30CFF2025BD054A00251BFA /* PreworkTests.swift in Sources */,
			);
			runOnlyForDeploymentPostprocessing = 0;
		};
		E30CFF2225BD054A00251BFA /* Sources */ = {
			isa = PBXSourcesBuildPhase;
			buildActionMask = 2147483647;
			files = (
				E30CFF2B25BD054A00251BFA /* PreworkUITests.swift in Sources */,
			);
			runOnlyForDeploymentPostprocessing = 0;
		};
/* End PBXSourcesBuildPhase section */

/* Begin PBXTargetDependency section */
		E30CFF1D25BD054A00251BFA /* PBXTargetDependency */ = {
			isa = PBXTargetDependency;
			target = E30CFF0425BD054600251BFA /* Prework */;
			targetProxy = E30CFF1C25BD054A00251BFA /* PBXContainerItemProxy */;
		};
		E30CFF2825BD054A00251BFA /* PBXTargetDependency */ = {
			isa = PBXTargetDependency;
			target = E30CFF0425BD054600251BFA /* Prework */;
			targetProxy = E30CFF2725BD054A00251BFA /* PBXContainerItemProxy */;
		};
/* End PBXTargetDependency section */

/* Begin PBXVariantGroup section */
		E30CFF0E25BD054700251BFA /* Main.storyboard */ = {
			isa = PBXVariantGroup;
			children = (
				E30CFF0F25BD054700251BFA /* Base */,
			);
			name = Main.storyboard;
			sourceTree = "<group>";
		};
		E30CFF1325BD054900251BFA /* LaunchScreen.storyboard */ = {
			isa = PBXVariantGroup;
			children = (
				E30CFF1425BD054900251BFA /* Base */,
			);
			name = LaunchScreen.storyboard;
			sourceTree = "<group>";
		};
/* End PBXVariantGroup section */

/* Begin XCBuildConfiguration section */
		E30CFF2D25BD054A00251BFA /* Debug */ = {
			isa = XCBuildConfiguration;
			buildSettings = {
				ALWAYS_SEARCH_USER_PATHS = NO;
				CLANG_ANALYZER_NONNULL = YES;
				CLANG_ANALYZER_NUMBER_OBJECT_CONVERSION = YES_AGGRESSIVE;
				CLANG_CXX_LANGUAGE_STANDARD = "gnu++14";
				CLANG_CXX_LIBRARY = "libc++";
				CLANG_ENABLE_MODULES = YES;
				CLANG_ENABLE_OBJC_ARC = YES;
				CLANG_ENABLE_OBJC_WEAK = YES;
				CLANG_WARN_BLOCK_CAPTURE_AUTORELEASING = YES;
				CLANG_WARN_BOOL_CONVERSION = YES;
				CLANG_WARN_COMMA = YES;
				CLANG_WARN_CONSTANT_CONVERSION = YES;
				CLANG_WARN_DEPRECATED_OBJC_IMPLEMENTATIONS = YES;
				CLANG_WARN_DIRECT_OBJC_ISA_USAGE = YES_ERROR;
				CLANG_WARN_DOCUMENTATION_COMMENTS = YES;
				CLANG_WARN_EMPTY_BODY = YES;
				CLANG_WARN_ENUM_CONVERSION = YES;
				CLANG_WARN_INFINITE_RECURSION = YES;
				CLANG_WARN_INT_CONVERSION = YES;
				CLANG_WARN_NON_LITERAL_NULL_CONVERSION = YES;
				CLANG_WARN_OBJC_IMPLICIT_RETAIN_SELF = YES;
				CLANG_WARN_OBJC_LITERAL_CONVERSION = YES;
				CLANG_WARN_OBJC_ROOT_CLASS = YES_ERROR;
				CLANG_WARN_QUOTED_INCLUDE_IN_FRAMEWORK_HEADER = YES;
				CLANG_WARN_RANGE_LOOP_ANALYSIS = YES;
				CLANG_WARN_STRICT_PROTOTYPES = YES;
				CLANG_WARN_SUSPICIOUS_MOVE = YES;
				CLANG_WARN_UNGUARDED_AVAILABILITY = YES_AGGRESSIVE;
				CLANG_WARN_UNREACHABLE_CODE = YES;
				CLANG_WARN__DUPLICATE_METHOD_MATCH = YES;
				COPY_PHASE_STRIP = NO;
				DEBUG_INFORMATION_FORMAT = dwarf;
				ENABLE_STRICT_OBJC_MSGSEND = YES;
				ENABLE_TESTABILITY = YES;
				GCC_C_LANGUAGE_STANDARD = gnu11;
				GCC_DYNAMIC_NO_PIC = NO;
				GCC_NO_COMMON_BLOCKS = YES;
				GCC_OPTIMIZATION_LEVEL = 0;
				GCC_PREPROCESSOR_DEFINITIONS = (
					"DEBUG=1",
					"$(inherited)",
				);
				GCC_WARN_64_TO_32_BIT_CONVERSION = YES;
				GCC_WARN_ABOUT_RETURN_TYPE = YES_ERROR;
				GCC_WARN_UNDECLARED_SELECTOR = YES;
				GCC_WARN_UNINITIALIZED_AUTOS = YES_AGGRESSIVE;
				GCC_WARN_UNUSED_FUNCTION = YES;
				GCC_WARN_UNUSED_VARIABLE = YES;
				IPHONEOS_DEPLOYMENT_TARGET = 14.3;
				MTL_ENABLE_DEBUG_INFO = INCLUDE_SOURCE;
				MTL_FAST_MATH = YES;
				ONLY_ACTIVE_ARCH = YES;
				SDKROOT = iphoneos;
				SWIFT_ACTIVE_COMPILATION_CONDITIONS = DEBUG;
				SWIFT_OPTIMIZATION_LEVEL = "-Onone";
			};
			name = Debug;
		};
		E30CFF2E25BD054A00251BFA /* Release */ = {
			isa = XCBuildConfiguration;
			buildSettings = {
				ALWAYS_SEARCH_USER_PATHS = NO;
				CLANG_ANALYZER_NONNULL = YES;
				CLANG_ANALYZER_NUMBER_OBJECT_CONVERSION = YES_AGGRESSIVE;
				CLANG_CXX_LANGUAGE_STANDARD = "gnu++14";
				CLANG_CXX_LIBRARY = "libc++";
				CLANG_ENABLE_MODULES = YES;
				CLANG_ENABLE_OBJC_ARC = YES;
				CLANG_ENABLE_OBJC_WEAK = YES;
				CLANG_WARN_BLOCK_CAPTURE_AUTORELEASING = YES;
				CLANG_WARN_BOOL_CONVERSION = YES;
				CLANG_WARN_COMMA = YES;
				CLANG_WARN_CONSTANT_CONVERSION = YES;
				CLANG_WARN_DEPRECATED_OBJC_IMPLEMENTATIONS = YES;
				CLANG_WARN_DIRECT_OBJC_ISA_USAGE = YES_ERROR;
				CLANG_WARN_DOCUMENTATION_COMMENTS = YES;
				CLANG_WARN_EMPTY_BODY = YES;
				CLANG_WARN_ENUM_CONVERSION = YES;
				CLANG_WARN_INFINITE_RECURSION = YES;
				CLANG_WARN_INT_CONVERSION = YES;
				CLANG_WARN_NON_LITERAL_NULL_CONVERSION = YES;
				CLANG_WARN_OBJC_IMPLICIT_RETAIN_SELF = YES;
				CLANG_WARN_OBJC_LITERAL_CONVERSION = YES;
				CLANG_WARN_OBJC_ROOT_CLASS = YES_ERROR;
				CLANG_WARN_QUOTED_INCLUDE_IN_FRAMEWORK_HEADER = YES;
				CLANG_WARN_RANGE_LOOP_ANALYSIS = YES;
				CLANG_WARN_STRICT_PROTOTYPES = YES;
				CLANG_WARN_SUSPICIOUS_MOVE = YES;
				CLANG_WARN_UNGUARDED_AVAILABILITY = YES_AGGRESSIVE;
				CLANG_WARN_UNREACHABLE_CODE = YES;
				CLANG_WARN__DUPLICATE_METHOD_MATCH = YES;
				COPY_PHASE_STRIP = NO;
				DEBUG_INFORMATION_FORMAT = "dwarf-with-dsym";
				ENABLE_NS_ASSERTIONS = NO;
				ENABLE_STRICT_OBJC_MSGSEND = YES;
				GCC_C_LANGUAGE_STANDARD = gnu11;
				GCC_NO_COMMON_BLOCKS = YES;
				GCC_WARN_64_TO_32_BIT_CONVERSION = YES;
				GCC_WARN_ABOUT_RETURN_TYPE = YES_ERROR;
				GCC_WARN_UNDECLARED_SELECTOR = YES;
				GCC_WARN_UNINITIALIZED_AUTOS = YES_AGGRESSIVE;
				GCC_WARN_UNUSED_FUNCTION = YES;
				GCC_WARN_UNUSED_VARIABLE = YES;
				IPHONEOS_DEPLOYMENT_TARGET = 14.3;
				MTL_ENABLE_DEBUG_INFO = NO;
				MTL_FAST_MATH = YES;
				SDKROOT = iphoneos;
				SWIFT_COMPILATION_MODE = wholemodule;
				SWIFT_OPTIMIZATION_LEVEL = "-O";
				VALIDATE_PRODUCT = YES;
			};
			name = Release;
		};
		E30CFF3025BD054A00251BFA /* Debug */ = {
			isa = XCBuildConfiguration;
			buildSettings = {
				ASSETCATALOG_COMPILER_APPICON_NAME = AppIcon;
				ASSETCATALOG_COMPILER_GLOBAL_ACCENT_COLOR_NAME = AccentColor;
				CODE_SIGN_STYLE = Automatic;
				DEVELOPMENT_TEAM = "";
				INFOPLIST_FILE = Prework/Info.plist;
				LD_RUNPATH_SEARCH_PATHS = (
					"$(inherited)",
					"@executable_path/Frameworks",
				);
				PRODUCT_BUNDLE_IDENTIFIER = memo.com.Prework;
				PRODUCT_NAME = "$(TARGET_NAME)";
				SWIFT_VERSION = 5.0;
				TARGETED_DEVICE_FAMILY = "1,2";
			};
			name = Debug;
		};
		E30CFF3125BD054A00251BFA /* Release */ = {
			isa = XCBuildConfiguration;
			buildSettings = {
				ASSETCATALOG_COMPILER_APPICON_NAME = AppIcon;
				ASSETCATALOG_COMPILER_GLOBAL_ACCENT_COLOR_NAME = AccentColor;
				CODE_SIGN_STYLE = Automatic;
				DEVELOPMENT_TEAM = "";
				INFOPLIST_FILE = Prework/Info.plist;
				LD_RUNPATH_SEARCH_PATHS = (
					"$(inherited)",
					"@executable_path/Frameworks",
				);
				PRODUCT_BUNDLE_IDENTIFIER = memo.com.Prework;
				PRODUCT_NAME = "$(TARGET_NAME)";
				SWIFT_VERSION = 5.0;
				TARGETED_DEVICE_FAMILY = "1,2";
			};
			name = Release;
		};
		E30CFF3325BD054A00251BFA /* Debug */ = {
			isa = XCBuildConfiguration;
			buildSettings = {
				ALWAYS_EMBED_SWIFT_STANDARD_LIBRARIES = YES;
				BUNDLE_LOADER = "$(TEST_HOST)";
				CODE_SIGN_STYLE = Automatic;
				INFOPLIST_FILE = PreworkTests/Info.plist;
				IPHONEOS_DEPLOYMENT_TARGET = 14.3;
				LD_RUNPATH_SEARCH_PATHS = (
					"$(inherited)",
					"@executable_path/Frameworks",
					"@loader_path/Frameworks",
				);
				PRODUCT_BUNDLE_IDENTIFIER = memo.com.PreworkTests;
				PRODUCT_NAME = "$(TARGET_NAME)";
				SWIFT_VERSION = 5.0;
				TARGETED_DEVICE_FAMILY = "1,2";
				TEST_HOST = "$(BUILT_PRODUCTS_DIR)/Prework.app/Prework";
			};
			name = Debug;
		};
		E30CFF3425BD054A00251BFA /* Release */ = {
			isa = XCBuildConfiguration;
			buildSettings = {
				ALWAYS_EMBED_SWIFT_STANDARD_LIBRARIES = YES;
				BUNDLE_LOADER = "$(TEST_HOST)";
				CODE_SIGN_STYLE = Automatic;
				INFOPLIST_FILE = PreworkTests/Info.plist;
				IPHONEOS_DEPLOYMENT_TARGET = 14.3;
				LD_RUNPATH_SEARCH_PATHS = (
					"$(inherited)",
					"@executable_path/Frameworks",
					"@loader_path/Frameworks",
				);
				PRODUCT_BUNDLE_IDENTIFIER = memo.com.PreworkTests;
				PRODUCT_NAME = "$(TARGET_NAME)";
				SWIFT_VERSION = 5.0;
				TARGETED_DEVICE_FAMILY = "1,2";
				TEST_HOST = "$(BUILT_PRODUCTS_DIR)/Prework.app/Prework";
			};
			name = Release;
		};
		E30CFF3625BD054A00251BFA /* Debug */ = {
			isa = XCBuildConfiguration;
			buildSettings = {
				ALWAYS_EMBED_SWIFT_STANDARD_LIBRARIES = YES;
				CODE_SIGN_STYLE = Automatic;
				INFOPLIST_FILE = PreworkUITests/Info.plist;
				LD_RUNPATH_SEARCH_PATHS = (
					"$(inherited)",
					"@executable_path/Frameworks",
					"@loader_path/Frameworks",
				);
				PRODUCT_BUNDLE_IDENTIFIER = memo.com.PreworkUITests;
				PRODUCT_NAME = "$(TARGET_NAME)";
				SWIFT_VERSION = 5.0;
				TARGETED_DEVICE_FAMILY = "1,2";
				TEST_TARGET_NAME = Prework;
			};
			name = Debug;
		};
		E30CFF3725BD054A00251BFA /* Release */ = {
			isa = XCBuildConfiguration;
			buildSettings = {
				ALWAYS_EMBED_SWIFT_STANDARD_LIBRARIES = YES;
				CODE_SIGN_STYLE = Automatic;
				INFOPLIST_FILE = PreworkUITests/Info.plist;
				LD_RUNPATH_SEARCH_PATHS = (
					"$(inherited)",
					"@executable_path/Frameworks",
					"@loader_path/Frameworks",
				);
				PRODUCT_BUNDLE_IDENTIFIER = memo.com.PreworkUITests;
				PRODUCT_NAME = "$(TARGET_NAME)";
				SWIFT_VERSION = 5.0;
				TARGETED_DEVICE_FAMILY = "1,2";
				TEST_TARGET_NAME = Prework;
			};
			name = Release;
		};
/* End XCBuildConfiguration section */

/* Begin XCConfigurationList section */
		E30CFF0025BD054600251BFA /* Build configuration list for PBXProject "Prework" */ = {
			isa = XCConfigurationList;
			buildConfigurations = (
				E30CFF2D25BD054A00251BFA /* Debug */,
				E30CFF2E25BD054A00251BFA /* Release */,
			);
			defaultConfigurationIsVisible = 0;
			defaultConfigurationName = Release;
		};
		E30CFF2F25BD054A00251BFA /* Build configuration list for PBXNativeTarget "Prework" */ = {
			isa = XCConfigurationList;
			buildConfigurations = (
				E30CFF3025BD054A00251BFA /* Debug */,
				E30CFF3125BD054A00251BFA /* Release */,
			);
			defaultConfigurationIsVisible = 0;
			defaultConfigurationName = Release;
		};
		E30CFF3225BD054A00251BFA /* Build configuration list for PBXNativeTarget "PreworkTests" */ = {
			isa = XCConfigurationList;
			buildConfigurations = (
				E30CFF3325BD054A00251BFA /* Debug */,
				E30CFF3425BD054A00251BFA /* Release */,
			);
			defaultConfigurationIsVisible = 0;
			defaultConfigurationName = Release;
		};
		E30CFF3525BD054A00251BFA /* Build configuration list for PBXNativeTarget "PreworkUITests" */ = {
			isa = XCConfigurationList;
			buildConfigurations = (
				E30CFF3625BD054A00251BFA /* Debug */,
				E30CFF3725BD054A00251BFA /* Release */,
			);
			defaultConfigurationIsVisible = 0;
			defaultConfigurationName = Release;
		};
/* End XCConfigurationList section */
	};
	rootObject = E30CFEFD25BD054600251BFA /* Project object */;
}
